
Microsoft Visual Studio Solution File, Format Version 12.00
# Visual Studio Version 16
VisualStudioVersion = 16.0.31729.503
MinimumVisualStudioVersion = 10.0.40219.1
Project("{9A19103F-16F7-4668-BE54-9A1E7A4F7556}") = "PostCleanArchitecture.Domain", "PostCleanArchitecture.Domain\PostCleanArchitecture.Domain.csproj", "{44A8907E-8B07-4DA5-9CB5-1454DB084360}"
EndProject
Project("{2150E333-8FDC-42A3-9474-1A3956D46DE8}") = "src", "src", "{433FF9D7-AD7A-4D02-8E5A-1D1ED7047D4C}"
EndProject
Project("{2150E333-8FDC-42A3-9474-1A3956D46DE8}") = "test", "test", "{8CD667DF-078A-47AA-B3CA-20341188CCE1}"
EndProject
Project("{2150E333-8FDC-42A3-9474-1A3956D46DE8}") = "Api", "Api", "{6D416212-462D-4B50-81F7-8347DF468BB8}"
EndProject
Project("{2150E333-8FDC-42A3-9474-1A3956D46DE8}") = "Core", "Core", "{83975C9C-E0C7-408C-9AC3-694068D603F4}"
EndProject
Project("{2150E333-8FDC-42A3-9474-1A3956D46DE8}") = "UI", "UI", "{3730C205-138E-466A-B80D-86A4CAB847C6}"
EndProject
Project("{2150E333-8FDC-42A3-9474-1A3956D46DE8}") = "Infrasturcture", "Infrasturcture", "{71C9E93E-2E60-41D2-B7BD-A61433C2B9D4}"
EndProject
Project("{9A19103F-16F7-4668-BE54-9A1E7A4F7556}") = "PostCleanArchitecture.Application", "PostCleanArchitecture.Application\PostCleanArchitecture.Application.csproj", "{E2CA7A79-04B8-4F8C-9F5E-E4322DE68220}"
EndProject
Project("{9A19103F-16F7-4668-BE54-9A1E7A4F7556}") = "PostLand.Persistence", "PostLand.Persistence\PostLand.Persistence.csproj", "{1CFF26F3-42BD-4FE0-9C01-B59860E46386}"
EndProject
Project("{FAE04EC0-301F-11D3-BF4B-00C04F79EFBC}") = "PostCleanArchitecture.Api", "PostCleanArchitecture.Api\PostCleanArchitecture.Api.csproj", "{B80A5C73-60F4-47BA-8CDC-84498E4860F9}"
EndProject
Global
	GlobalSection(SolutionConfigurationPlatforms) = preSolution
		Debug|Any CPU = Debug|Any CPU
		Release|Any CPU = Release|Any CPU
	EndGlobalSection
	GlobalSection(ProjectConfigurationPlatforms) = postSolution
		{44A8907E-8B07-4DA5-9CB5-1454DB084360}.Debug|Any CPU.ActiveCfg = Debug|Any CPU
		{44A8907E-8B07-4DA5-9CB5-1454DB084360}.Debug|Any CPU.Build.0 = Debug|Any CPU
		{44A8907E-8B07-4DA5-9CB5-1454DB084360}.Release|Any CPU.ActiveCfg = Release|Any CPU
		{44A8907E-8B07-4DA5-9CB5-1454DB084360}.Release|Any CPU.Build.0 = Release|Any CPU
		{E2CA7A79-04B8-4F8C-9F5E-E4322DE68220}.Debug|Any CPU.ActiveCfg = Debug|Any CPU
		{E2CA7A79-04B8-4F8C-9F5E-E4322DE68220}.Debug|Any CPU.Build.0 = Debug|Any CPU
		{E2CA7A79-04B8-4F8C-9F5E-E4322DE68220}.Release|Any CPU.ActiveCfg = Release|Any CPU
		{E2CA7A79-04B8-4F8C-9F5E-E4322DE68220}.Release|Any CPU.Build.0 = Release|Any CPU
		{1CFF26F3-42BD-4FE0-9C01-B59860E46386}.Debug|Any CPU.ActiveCfg = Debug|Any CPU
		{1CFF26F3-42BD-4FE0-9C01-B59860E46386}.Debug|Any CPU.Build.0 = Debug|Any CPU
		{1CFF26F3-42BD-4FE0-9C01-B59860E46386}.Release|Any CPU.ActiveCfg = Release|Any CPU
		{1CFF26F3-42BD-4FE0-9C01-B59860E46386}.Release|Any CPU.Build.0 = Release|Any CPU
		{B80A5C73-60F4-47BA-8CDC-84498E4860F9}.Debug|Any CPU.ActiveCfg = Debug|Any CPU
		{B80A5C73-60F4-47BA-8CDC-84498E4860F9}.Debug|Any CPU.Build.0 = Debug|Any CPU
		{B80A5C73-60F4-47BA-8CDC-84498E4860F9}.Release|Any CPU.ActiveCfg = Release|Any CPU
		{B80A5C73-60F4-47BA-8CDC-84498E4860F9}.Release|Any CPU.Build.0 = Release|Any CPU
	EndGlobalSection
	GlobalSection(SolutionProperties) = preSolution
		HideSolutionNode = FALSE
	EndGlobalSection
	GlobalSection(NestedProjects) = preSolution
		{44A8907E-8B07-4DA5-9CB5-1454DB084360} = {83975C9C-E0C7-408C-9AC3-694068D603F4}
		{6D416212-462D-4B50-81F7-8347DF468BB8} = {433FF9D7-AD7A-4D02-8E5A-1D1ED7047D4C}
		{83975C9C-E0C7-408C-9AC3-694068D603F4} = {433FF9D7-AD7A-4D02-8E5A-1D1ED7047D4C}
		{3730C205-138E-466A-B80D-86A4CAB847C6} = {433FF9D7-AD7A-4D02-8E5A-1D1ED7047D4C}
		{71C9E93E-2E60-41D2-B7BD-A61433C2B9D4} = {433FF9D7-AD7A-4D02-8E5A-1D1ED7047D4C}
		{E2CA7A79-04B8-4F8C-9F5E-E4322DE68220} = {83975C9C-E0C7-408C-9AC3-694068D603F4}
		{1CFF26F3-42BD-4FE0-9C01-B59860E46386} = {71C9E93E-2E60-41D2-B7BD-A61433C2B9D4}
		{B80A5C73-60F4-47BA-8CDC-84498E4860F9} = {6D416212-462D-4B50-81F7-8347DF468BB8}
	EndGlobalSection
	GlobalSection(ExtensibilityGlobals) = postSolution
		SolutionGuid = {F8E0F346-B6D8-4E2F-83BC-C397848E2083}
	EndGlobalSection
EndGlobal
